# THIS IS AN AUTOGENERATED FILE. DO NOT EDIT THIS FILE DIRECTLY.
# yarn lockfile v1


tslib@^1.8.1:
  version "1.9.2"
  resolved "https://registry.yarnpkg.com/tslib/-/tslib-1.9.2.tgz#8be0cc9a1f6dc7727c38deb16c2ebd1a2892988e"

tslint-config-prettier@^1.13.0:
  version "1.13.0"
  resolved "https://registry.yarnpkg.com/tslint-config-prettier/-/tslint-config-prettier-1.13.0.tgz#189e821931ad89e0364e4e292d5c44a14e90ecd6"

tslint-react@^3.6.0:
  version "3.6.0"
  resolved "https://registry.yarnpkg.com/tslint-react/-/tslint-react-3.6.0.tgz#7f462c95c4a0afaae82507f06517ff02942196a1"
  dependencies:
    tsutils "^2.13.1"

tsutils@^2.13.1:
  version "2.27.1"
  resolved "https://registry.yarnpkg.com/tsutils/-/tsutils-2.27.1.tgz#ab0276ac23664f36ce8fd4414daec4aebf4373ee"
  dependencies:
    tslib "^1.8.1"
